
Microsoft Visual Studio Solution File, Format Version 12.00
# Visual Studio Version 17
VisualStudioVersion = 17.7.34031.279
MinimumVisualStudioVersion = 10.0.40219.1
Project("{FAE04EC0-301F-11D3-BF4B-00C04F79EFBC}") = "WebApplication1", "WebApplication1\WebApplication1.csproj", "{61606207-E00F-4ACE-B2DD-6163FE67CC23}"
EndProject
Global
	GlobalSection(SolutionConfigurationPlatforms) = preSolution
		Debug|Any CPU = Debug|Any CPU
		Release|Any CPU = Release|Any CPU
	EndGlobalSection
	GlobalSection(ProjectConfigurationPlatforms) = postSolution
		{61606207-E00F-4ACE-B2DD-6163FE67CC23}.Debug|Any CPU.ActiveCfg = Debug|Any CPU
		{61606207-E00F-4ACE-B2DD-6163FE67CC23}.Debug|Any CPU.Build.0 = Debug|Any CPU
		{61606207-E00F-4ACE-B2DD-6163FE67CC23}.Release|Any CPU.ActiveCfg = Release|Any CPU
		{61606207-E00F-4ACE-B2DD-6163FE67CC23}.Release|Any CPU.Build.0 = Release|Any CPU
	EndGlobalSection
	GlobalSection(SolutionProperties) = preSolution
		HideSolutionNode = FALSE
	EndGlobalSection
	GlobalSection(ExtensibilityGlobals) = postSolution
		SolutionGuid = {998B985C-DE1C-4610-A5EF-3FBCA7E2DCEB}
	EndGlobalSection
EndGlobal
